
Microsoft Visual Studio Solution File, Format Version 12.00
# Visual Studio Version 17
VisualStudioVersion = 17.8.34309.116
MinimumVisualStudioVersion = 10.0.40219.1
Project("{FAE04EC0-301F-11D3-BF4B-00C04F79EFBC}") = "Mistral.SDK", "Mistral.SDK\Mistral.SDK.csproj", "{B45FFD85-8B02-45C2-9E35-F9123B9EC816}"
EndProject
Project("{FAE04EC0-301F-11D3-BF4B-00C04F79EFBC}") = "Mistral.SDK.Tests", "Mistral.SDK.Tests\Mistral.SDK.Tests.csproj", "{922A95AD-6DD5-428E-9D28-BA59BDBB1153}"
EndProject
Global
	GlobalSection(SolutionConfigurationPlatforms) = preSolution
		Debug|Any CPU = Debug|Any CPU
		Release|Any CPU = Release|Any CPU
	EndGlobalSection
	GlobalSection(ProjectConfigurationPlatforms) = postSolution
		{B45FFD85-8B02-45C2-9E35-F9123B9EC816}.Debug|Any CPU.ActiveCfg = Debug|Any CPU
		{B45FFD85-8B02-45C2-9E35-F9123B9EC816}.Debug|Any CPU.Build.0 = Debug|Any CPU
		{B45FFD85-8B02-45C2-9E35-F9123B9EC816}.Release|Any CPU.ActiveCfg = Release|Any CPU
		{B45FFD85-8B02-45C2-9E35-F9123B9EC816}.Release|Any CPU.Build.0 = Release|Any CPU
		{922A95AD-6DD5-428E-9D28-BA59BDBB1153}.Debug|Any CPU.ActiveCfg = Debug|Any CPU
		{922A95AD-6DD5-428E-9D28-BA59BDBB1153}.Debug|Any CPU.Build.0 = Debug|Any CPU
		{922A95AD-6DD5-428E-9D28-BA59BDBB1153}.Release|Any CPU.ActiveCfg = Release|Any CPU
		{922A95AD-6DD5-428E-9D28-BA59BDBB1153}.Release|Any CPU.Build.0 = Release|Any CPU
	EndGlobalSection
	GlobalSection(SolutionProperties) = preSolution
		HideSolutionNode = FALSE
	EndGlobalSection
	GlobalSection(ExtensibilityGlobals) = postSolution
		SolutionGuid = {3A3B327E-1140-43AF-998A-DFF199D8009F}
	EndGlobalSection
EndGlobal
